
Microsoft Visual Studio Solution File, Format Version 12.00
# Visual Studio Version 16
VisualStudioVersion = 16.0.29201.188
MinimumVisualStudioVersion = 10.0.40219.1
Project("{9A19103F-16F7-4668-BE54-9A1E7A4F7556}") = "CheckoutOrderTotalKata", "CheckoutOrderTotalKata\CheckoutOrderTotalKata.csproj", "{984CEF00-D373-4BBF-A620-CE595E9FD3EF}"
EndProject
Project("{FAE04EC0-301F-11D3-BF4B-00C04F79EFBC}") = "CheckoutOrderTotalKataTests", "CheckoutOrderTotalKataTests\CheckoutOrderTotalKataTests.csproj", "{9621F2EC-EDC2-4B13-B266-EE006FC8476F}"
EndProject
Global
	GlobalSection(SolutionConfigurationPlatforms) = preSolution
		Debug|Any CPU = Debug|Any CPU
		Release|Any CPU = Release|Any CPU
	EndGlobalSection
	GlobalSection(ProjectConfigurationPlatforms) = postSolution
		{984CEF00-D373-4BBF-A620-CE595E9FD3EF}.Debug|Any CPU.ActiveCfg = Debug|Any CPU
		{984CEF00-D373-4BBF-A620-CE595E9FD3EF}.Debug|Any CPU.Build.0 = Debug|Any CPU
		{984CEF00-D373-4BBF-A620-CE595E9FD3EF}.Release|Any CPU.ActiveCfg = Release|Any CPU
		{984CEF00-D373-4BBF-A620-CE595E9FD3EF}.Release|Any CPU.Build.0 = Release|Any CPU
		{9621F2EC-EDC2-4B13-B266-EE006FC8476F}.Debug|Any CPU.ActiveCfg = Debug|Any CPU
		{9621F2EC-EDC2-4B13-B266-EE006FC8476F}.Debug|Any CPU.Build.0 = Debug|Any CPU
		{9621F2EC-EDC2-4B13-B266-EE006FC8476F}.Release|Any CPU.ActiveCfg = Release|Any CPU
		{9621F2EC-EDC2-4B13-B266-EE006FC8476F}.Release|Any CPU.Build.0 = Release|Any CPU
	EndGlobalSection
	GlobalSection(SolutionProperties) = preSolution
		HideSolutionNode = FALSE
	EndGlobalSection
	GlobalSection(ExtensibilityGlobals) = postSolution
		SolutionGuid = {A09CCB03-D67B-4D71-A317-02551DC49BD8}
	EndGlobalSection
EndGlobal
